{
	"name": "prism-rose-pine",
	"version": "0.0.0",
	"lockfileVersion": 2,
	"requires": true,
	"packages": {
		"": {
			"version": "0.0.0",
			"license": "MIT",
			"dependencies": {
				"@rose-pine/palette": "^1.0.0",
				"prettier": "^2.3.2"
			},
			"devDependencies": {},
			"engines": {
				"node": ">=12"
			}
		},
		"node_modules/@rose-pine/palette": {
			"version": "1.0.0",
			"resolved": "https://registry.npmjs.org/@rose-pine/palette/-/palette-1.0.0.tgz",
			"integrity": "sha512-H0rh53IRt5L9eZDZhVaTsf07BOQSj3JCJ6CEjptHN81A10MkPa3eR2rgqZzyNAlZ2X3WqclWYF/VZpnkTfAzQQ==",
			"engines": {
				"node": ">=12"
			},
			"funding": {
				"url": "https://github.com/rose-pine/palette?sponsor=1"
			}
		},
		"node_modules/prettier": {
			"version": "2.3.2",
			"resolved": "https://registry.npmjs.org/prettier/-/prettier-2.3.2.tgz",
			"integrity": "sha512-lnJzDfJ66zkMy58OL5/NY5zp70S7Nz6KqcKkXYzn2tMVrNxvbqaBpg7H3qHaLxCJ5lNMsGuM8+ohS7cZrthdLQ==",
			"bin": {
				"prettier": "bin-prettier.js"
			},
			"engines": {
				"node": ">=10.13.0"
			}
		}
	},
	"dependencies": {
		"@rose-pine/palette": {
			"version": "1.0.0",
			"resolved": "https://registry.npmjs.org/@rose-pine/palette/-/palette-1.0.0.tgz",
			"integrity": "sha512-H0rh53IRt5L9eZDZhVaTsf07BOQSj3JCJ6CEjptHN81A10MkPa3eR2rgqZzyNAlZ2X3WqclWYF/VZpnkTfAzQQ=="
		},
		"prettier": {
			"version": "2.3.2",
			"resolved": "https://registry.npmjs.org/prettier/-/prettier-2.3.2.tgz",
			"integrity": "sha512-lnJzDfJ66zkMy58OL5/NY5zp70S7Nz6KqcKkXYzn2tMVrNxvbqaBpg7H3qHaLxCJ5lNMsGuM8+ohS7cZrthdLQ=="
		}
	}
}
